// !$*UTF8*$!
{
	archiveVersion = 1;
	classes = {
	};
	objectVersion = 46;
	objects = {

/* Begin PBXBuildFile section */
		2E8AC4531D94379D00EC7074 /* AppDelegate.swift in Sources */ = {isa = PBXBuildFile; fileRef = 2E8AC4521D94379D00EC7074 /* AppDelegate.swift */; };
		2E8AC4551D94379D00EC7074 /* ViewController.swift in Sources */ = {isa = PBXBuildFile; fileRef = 2E8AC4541D94379D00EC7074 /* ViewController.swift */; };
		2E8AC4581D94379D00EC7074 /* Main.storyboard in Resources */ = {isa = PBXBuildFile; fileRef = 2E8AC4561D94379D00EC7074 /* Main.storyboard */; };
		2E8AC45A1D94379D00EC7074 /* Assets.xcassets in Resources */ = {isa = PBXBuildFile; fileRef = 2E8AC4591D94379D00EC7074 /* Assets.xcassets */; };
		2E8AC45D1D94379D00EC7074 /* LaunchScreen.storyboard in Resources */ = {isa = PBXBuildFile; fileRef = 2E8AC45B1D94379D00EC7074 /* LaunchScreen.storyboard */; };
		2E8AC4661D94409D00EC7074 /* LICENSE in Resources */ = {isa = PBXBuildFile; fileRef = 2E8AC4651D94409D00EC7074 /* LICENSE */; };
/* End PBXBuildFile section */

/* Begin PBXFileReference section */
		2E8AC44F1D94379D00EC7074 /* Sectioniser.app */ = {isa = PBXFileReference; explicitFileType = wrapper.application; includeInIndex = 0; path = Sectioniser.app; sourceTree = BUILT_PRODUCTS_DIR; };
		2E8AC4521D94379D00EC7074 /* AppDelegate.swift */ = {isa = PBXFileReference; lastKnownFileType = sourcecode.swift; path = AppDelegate.swift; sourceTree = "<group>"; };
		2E8AC4541D94379D00EC7074 /* ViewController.swift */ = {isa = PBXFileReference; lastKnownFileType = sourcecode.swift; path = ViewController.swift; sourceTree = "<group>"; };
		2E8AC4571D94379D00EC7074 /* Base */ = {isa = PBXFileReference; lastKnownFileType = file.storyboard; name = Base; path = Base.lproj/Main.storyboard; sourceTree = "<group>"; };
		2E8AC4591D94379D00EC7074 /* Assets.xcassets */ = {isa = PBXFileReference; lastKnownFileType = folder.assetcatalog; path = Assets.xcassets; sourceTree = "<group>"; };
		2E8AC45C1D94379D00EC7074 /* Base */ = {isa = PBXFileReference; lastKnownFileType = file.storyboard; name = Base; path = Base.lproj/LaunchScreen.storyboard; sourceTree = "<group>"; };
		2E8AC45E1D94379D00EC7074 /* Info.plist */ = {isa = PBXFileReference; lastKnownFileType = text.plist.xml; path = Info.plist; sourceTree = "<group>"; };
		2E8AC4641D943BDA00EC7074 /* MyPlayground.playground */ = {isa = PBXFileReference; lastKnownFileType = file.playground; path = MyPlayground.playground; sourceTree = "<group>"; };
		2E8AC4651D94409D00EC7074 /* LICENSE */ = {isa = PBXFileReference; fileEncoding = 4; lastKnownFileType = text; path = LICENSE; sourceTree = "<group>"; };
/* End PBXFileReference section */

/* Begin PBXFrameworksBuildPhase section */
		2E8AC44C1D94379D00EC7074 /* Frameworks */ = {
			isa = PBXFrameworksBuildPhase;
			buildActionMask = 2147483647;
			files = (
			);
			runOnlyForDeploymentPostprocessing = 0;
		};
/* End PBXFrameworksBuildPhase section */

/* Begin PBXGroup section */
		2E8AC4461D94379D00EC7074 = {
			isa = PBXGroup;
			children = (
				2E8AC4511D94379D00EC7074 /* Sectioniser */,
				2E8AC4501D94379D00EC7074 /* Products */,
			);
			sourceTree = "<group>";
		};
		2E8AC4501D94379D00EC7074 /* Products */ = {
			isa = PBXGroup;
			children = (
				2E8AC44F1D94379D00EC7074 /* Sectioniser.app */,
			);
			name = Products;
			sourceTree = "<group>";
		};
		2E8AC4511D94379D00EC7074 /* Sectioniser */ = {
			isa = PBXGroup;
			children = (
				2E8AC4521D94379D00EC7074 /* AppDelegate.swift */,
				2E8AC4541D94379D00EC7074 /* ViewController.swift */,
				2E8AC4641D943BDA00EC7074 /* MyPlayground.playground */,
				2E8AC4561D94379D00EC7074 /* Main.storyboard */,
				2E8AC4591D94379D00EC7074 /* Assets.xcassets */,
				2E8AC45B1D94379D00EC7074 /* LaunchScreen.storyboard */,
				2E8AC45E1D94379D00EC7074 /* Info.plist */,
				2E8AC4651D94409D00EC7074 /* LICENSE */,
			);
			path = Sectioniser;
			sourceTree = "<group>";
		};
/* End PBXGroup section */

/* Begin PBXNativeTarget section */
		2E8AC44E1D94379D00EC7074 /* Sectioniser */ = {
			isa = PBXNativeTarget;
			buildConfigurationList = 2E8AC4611D94379D00EC7074 /* Build configuration list for PBXNativeTarget "Sectioniser" */;
			buildPhases = (
				2E8AC44B1D94379D00EC7074 /* Sources */,
				2E8AC44C1D94379D00EC7074 /* Frameworks */,
				2E8AC44D1D94379D00EC7074 /* Resources */,
			);
			buildRules = (
			);
			dependencies = (
			);
			name = Sectioniser;
			productName = Sectioniser;
			productReference = 2E8AC44F1D94379D00EC7074 /* Sectioniser.app */;
			productType = "com.apple.product-type.application";
		};
/* End PBXNativeTarget section */

/* Begin PBXProject section */
		2E8AC4471D94379D00EC7074 /* Project object */ = {
			isa = PBXProject;
			attributes = {
				LastSwiftUpdateCheck = 0730;
				LastUpgradeCheck = 0730;
				ORGANIZATIONNAME = "John Walker";
				TargetAttributes = {
					2E8AC44E1D94379D00EC7074 = {
						CreatedOnToolsVersion = 7.3.1;
						DevelopmentTeam = WWT838B7V3;
						LastSwiftMigration = 0810;
					};
				};
			};
			buildConfigurationList = 2E8AC44A1D94379D00EC7074 /* Build configuration list for PBXProject "Sectioniser" */;
			compatibilityVersion = "Xcode 3.2";
			developmentRegion = English;
			hasScannedForEncodings = 0;
			knownRegions = (
				en,
				Base,
			);
			mainGroup = 2E8AC4461D94379D00EC7074;
			productRefGroup = 2E8AC4501D94379D00EC7074 /* Products */;
			projectDirPath = "";
			projectRoot = "";
			targets = (
				2E8AC44E1D94379D00EC7074 /* Sectioniser */,
			);
		};
/* End PBXProject section */

/* Begin PBXResourcesBuildPhase section */
		2E8AC44D1D94379D00EC7074 /* Resources */ = {
			isa = PBXResourcesBuildPhase;
			buildActionMask = 2147483647;
			files = (
				2E8AC45D1D94379D00EC7074 /* LaunchScreen.storyboard in Resources */,
				2E8AC45A1D94379D00EC7074 /* Assets.xcassets in Resources */,
				2E8AC4661D94409D00EC7074 /* LICENSE in Resources */,
				2E8AC4581D94379D00EC7074 /* Main.storyboard in Resources */,
			);
			runOnlyForDeploymentPostprocessing = 0;
		};
/* End PBXResourcesBuildPhase section */

/* Begin PBXSourcesBuildPhase section */
		2E8AC44B1D94379D00EC7074 /* Sources */ = {
			isa = PBXSourcesBuildPhase;
			buildActionMask = 2147483647;
			files = (
				2E8AC4551D94379D00EC7074 /* ViewController.swift in Sources */,
				2E8AC4531D94379D00EC7074 /* AppDelegate.swift in Sources */,
			);
			runOnlyForDeploymentPostprocessing = 0;
		};
/* End PBXSourcesBuildPhase section */

/* Begin PBXVariantGroup section */
		2E8AC4561D94379D00EC7074 /* Main.storyboard */ = {
			isa = PBXVariantGroup;
			children = (
				2E8AC4571D94379D00EC7074 /* Base */,
			);
			name = Main.storyboard;
			sourceTree = "<group>";
		};
		2E8AC45B1D94379D00EC7074 /* LaunchScreen.storyboard */ = {
			isa = PBXVariantGroup;
			children = (
				2E8AC45C1D94379D00EC7074 /* Base */,
			);
			name = LaunchScreen.storyboard;
			sourceTree = "<group>";
		};
/* End PBXVariantGroup section */

/* Begin XCBuildConfiguration section */
		2E8AC45F1D94379D00EC7074 /* Debug */ = {
			isa = XCBuildConfiguration;
			buildSettings = {
				ALWAYS_SEARCH_USER_PATHS = NO;
				CLANG_ANALYZER_NONNULL = YES;
				CLANG_CXX_LANGUAGE_STANDARD = "gnu++0x";
				CLANG_CXX_LIBRARY = "libc++";
				CLANG_ENABLE_MODULES = YES;
				CLANG_ENABLE_OBJC_ARC = YES;
				CLANG_WARN_BOOL_CONVERSION = YES;
				CLANG_WARN_CONSTANT_CONVERSION = YES;
				CLANG_WARN_DIRECT_OBJC_ISA_USAGE = YES_ERROR;
				CLANG_WARN_EMPTY_BODY = YES;
				CLANG_WARN_ENUM_CONVERSION = YES;
				CLANG_WARN_INT_CONVERSION = YES;
				CLANG_WARN_OBJC_ROOT_CLASS = YES_ERROR;
				CLANG_WARN_UNREACHABLE_CODE = YES;
				CLANG_WARN__DUPLICATE_METHOD_MATCH = YES;
				"CODE_SIGN_IDENTITY[sdk=iphoneos*]" = "iPhone Developer";
				COPY_PHASE_STRIP = NO;
				DEBUG_INFORMATION_FORMAT = dwarf;
				ENABLE_STRICT_OBJC_MSGSEND = YES;
				ENABLE_TESTABILITY = YES;
				GCC_C_LANGUAGE_STANDARD = gnu99;
				GCC_DYNAMIC_NO_PIC = NO;
				GCC_NO_COMMON_BLOCKS = YES;
				GCC_OPTIMIZATION_LEVEL = 0;
				GCC_PREPROCESSOR_DEFINITIONS = (
					"DEBUG=1",
					"$(inherited)",
				);
				GCC_WARN_64_TO_32_BIT_CONVERSION = YES;
				GCC_WARN_ABOUT_RETURN_TYPE = YES_ERROR;
				GCC_WARN_UNDECLARED_SELECTOR = YES;
				GCC_WARN_UNINITIALIZED_AUTOS = YES_AGGRESSIVE;
				GCC_WARN_UNUSED_FUNCTION = YES;
				GCC_WARN_UNUSED_VARIABLE = YES;
				IPHONEOS_DEPLOYMENT_TARGET = 9.3;
				MTL_ENABLE_DEBUG_INFO = YES;
				ONLY_ACTIVE_ARCH = YES;
				SDKROOT = iphoneos;
				SWIFT_OPTIMIZATION_LEVEL = "-Onone";
				TARGETED_DEVICE_FAMILY = "1,2";
			};
			name = Debug;
		};
		2E8AC4601D94379D00EC7074 /* Release */ = {
			isa = XCBuildConfiguration;
			buildSettings = {
				ALWAYS_SEARCH_USER_PATHS = NO;
				CLANG_ANALYZER_NONNULL = YES;
				CLANG_CXX_LANGUAGE_STANDARD = "gnu++0x";
				CLANG_CXX_LIBRARY = "libc++";
				CLANG_ENABLE_MODULES = YES;
				CLANG_ENABLE_OBJC_ARC = YES;
				CLANG_WARN_BOOL_CONVERSION = YES;
				CLANG_WARN_CONSTANT_CONVERSION = YES;
				CLANG_WARN_DIRECT_OBJC_ISA_USAGE = YES_ERROR;
				CLANG_WARN_EMPTY_BODY = YES;
				CLANG_WARN_ENUM_CONVERSION = YES;
				CLANG_WARN_INT_CONVERSION = YES;
				CLANG_WARN_OBJC_ROOT_CLASS = YES_ERROR;
				CLANG_WARN_UNREACHABLE_CODE = YES;
				CLANG_WARN__DUPLICATE_METHOD_MATCH = YES;
				"CODE_SIGN_IDENTITY[sdk=iphoneos*]" = "iPhone Developer";
				COPY_PHASE_STRIP = NO;
				DEBUG_INFORMATION_FORMAT = "dwarf-with-dsym";
				ENABLE_NS_ASSERTIONS = NO;
				ENABLE_STRICT_OBJC_MSGSEND = YES;
				GCC_C_LANGUAGE_STANDARD = gnu99;
				GCC_NO_COMMON_BLOCKS = YES;
				GCC_WARN_64_TO_32_BIT_CONVERSION = YES;
				GCC_WARN_ABOUT_RETURN_TYPE = YES_ERROR;
				GCC_WARN_UNDECLARED_SELECTOR = YES;
				GCC_WARN_UNINITIALIZED_AUTOS = YES_AGGRESSIVE;
				GCC_WARN_UNUSED_FUNCTION = YES;
				GCC_WARN_UNUSED_VARIABLE = YES;
				IPHONEOS_DEPLOYMENT_TARGET = 9.3;
				MTL_ENABLE_DEBUG_INFO = NO;
				SDKROOT = iphoneos;
				TARGETED_DEVICE_FAMILY = "1,2";
				VALIDATE_PRODUCT = YES;
			};
			name = Release;
		};
		2E8AC4621D94379D00EC7074 /* Debug */ = {
			isa = XCBuildConfiguration;
			buildSettings = {
				ASSETCATALOG_COMPILER_APPICON_NAME = AppIcon;
				DEVELOPMENT_TEAM = WWT838B7V3;
				INFOPLIST_FILE = Sectioniser/Info.plist;
				LD_RUNPATH_SEARCH_PATHS = "$(inherited) @executable_path/Frameworks";
				PRODUCT_BUNDLE_IDENTIFIER = com.cereopsis.Sectioniser;
				PRODUCT_NAME = "$(TARGET_NAME)";
				SWIFT_VERSION = 3.0;
			};
			name = Debug;
		};
		2E8AC4631D94379D00EC7074 /* Release */ = {
			isa = XCBuildConfiguration;
			buildSettings = {
				ASSETCATALOG_COMPILER_APPICON_NAME = AppIcon;
				DEVELOPMENT_TEAM = WWT838B7V3;
				INFOPLIST_FILE = Sectioniser/Info.plist;
				LD_RUNPATH_SEARCH_PATHS = "$(inherited) @executable_path/Frameworks";
				PRODUCT_BUNDLE_IDENTIFIER = com.cereopsis.Sectioniser;
				PRODUCT_NAME = "$(TARGET_NAME)";
				SWIFT_VERSION = 3.0;
			};
			name = Release;
		};
/* End XCBuildConfiguration section */

/* Begin XCConfigurationList section */
		2E8AC44A1D94379D00EC7074 /* Build configuration list for PBXProject "Sectioniser" */ = {
			isa = XCConfigurationList;
			buildConfigurations = (
				2E8AC45F1D94379D00EC7074 /* Debug */,
				2E8AC4601D94379D00EC7074 /* Release */,
			);
			defaultConfigurationIsVisible = 0;
			defaultConfigurationName = Release;
		};
		2E8AC4611D94379D00EC7074 /* Build configuration list for PBXNativeTarget "Sectioniser" */ = {
			isa = XCConfigurationList;
			buildConfigurations = (
				2E8AC4621D94379D00EC7074 /* Debug */,
				2E8AC4631D94379D00EC7074 /* Release */,
			);
			defaultConfigurationIsVisible = 0;
			defaultConfigurationName = Release;
		};
/* End XCConfigurationList section */
	};
	rootObject = 2E8AC4471D94379D00EC7074 /* Project object */;
}
